// !$*UTF8*$!
{
	archiveVersion = 1;
	classes = {
	};
	objectVersion = 46;
	objects = {

/* Begin PBXBuildFile section */
		BB5A4C371EB2DB6500645194 /* AppDelegate.swift in Sources */ = {isa = PBXBuildFile; fileRef = BB5A4C361EB2DB6500645194 /* AppDelegate.swift */; };
		BB5A4C391EB2DB6500645194 /* ViewController.swift in Sources */ = {isa = PBXBuildFile; fileRef = BB5A4C381EB2DB6500645194 /* ViewController.swift */; };
		BB5A4C3C1EB2DB6500645194 /* Main.storyboard in Resources */ = {isa = PBXBuildFile; fileRef = BB5A4C3A1EB2DB6500645194 /* Main.storyboard */; };
		BB5A4C3E1EB2DB6500645194 /* Assets.xcassets in Resources */ = {isa = PBXBuildFile; fileRef = BB5A4C3D1EB2DB6500645194 /* Assets.xcassets */; };
		BB5A4C411EB2DB6500645194 /* LaunchScreen.storyboard in Resources */ = {isa = PBXBuildFile; fileRef = BB5A4C3F1EB2DB6500645194 /* LaunchScreen.storyboard */; };
/* End PBXBuildFile section */

/* Begin PBXFileReference section */
		BB5A4C331EB2DB6500645194 /* 07-方法.app */ = {isa = PBXFileReference; explicitFileType = wrapper.application; includeInIndex = 0; path = "07-方法.app"; sourceTree = BUILT_PRODUCTS_DIR; };
		BB5A4C361EB2DB6500645194 /* AppDelegate.swift */ = {isa = PBXFileReference; lastKnownFileType = sourcecode.swift; path = AppDelegate.swift; sourceTree = "<group>"; };
		BB5A4C381EB2DB6500645194 /* ViewController.swift */ = {isa = PBXFileReference; lastKnownFileType = sourcecode.swift; path = ViewController.swift; sourceTree = "<group>"; };
		BB5A4C3B1EB2DB6500645194 /* Base */ = {isa = PBXFileReference; lastKnownFileType = file.storyboard; name = Base; path = Base.lproj/Main.storyboard; sourceTree = "<group>"; };
		BB5A4C3D1EB2DB6500645194 /* Assets.xcassets */ = {isa = PBXFileReference; lastKnownFileType = folder.assetcatalog; path = Assets.xcassets; sourceTree = "<group>"; };
		BB5A4C401EB2DB6500645194 /* Base */ = {isa = PBXFileReference; lastKnownFileType = file.storyboard; name = Base; path = Base.lproj/LaunchScreen.storyboard; sourceTree = "<group>"; };
		BB5A4C421EB2DB6500645194 /* Info.plist */ = {isa = PBXFileReference; lastKnownFileType = text.plist.xml; path = Info.plist; sourceTree = "<group>"; };
/* End PBXFileReference section */

/* Begin PBXFrameworksBuildPhase section */
		BB5A4C301EB2DB6500645194 /* Frameworks */ = {
			isa = PBXFrameworksBuildPhase;
			buildActionMask = 2147483647;
			files = (
			);
			runOnlyForDeploymentPostprocessing = 0;
		};
/* End PBXFrameworksBuildPhase section */

/* Begin PBXGroup section */
		BB5A4C2A1EB2DB6500645194 = {
			isa = PBXGroup;
			children = (
				BB5A4C351EB2DB6500645194 /* 07-方法 */,
				BB5A4C341EB2DB6500645194 /* Products */,
			);
			sourceTree = "<group>";
		};
		BB5A4C341EB2DB6500645194 /* Products */ = {
			isa = PBXGroup;
			children = (
				BB5A4C331EB2DB6500645194 /* 07-方法.app */,
			);
			name = Products;
			sourceTree = "<group>";
		};
		BB5A4C351EB2DB6500645194 /* 07-方法 */ = {
			isa = PBXGroup;
			children = (
				BB5A4C361EB2DB6500645194 /* AppDelegate.swift */,
				BB5A4C381EB2DB6500645194 /* ViewController.swift */,
				BB5A4C3A1EB2DB6500645194 /* Main.storyboard */,
				BB5A4C3D1EB2DB6500645194 /* Assets.xcassets */,
				BB5A4C3F1EB2DB6500645194 /* LaunchScreen.storyboard */,
				BB5A4C421EB2DB6500645194 /* Info.plist */,
			);
			path = "07-方法";
			sourceTree = "<group>";
		};
/* End PBXGroup section */

/* Begin PBXNativeTarget section */
		BB5A4C321EB2DB6500645194 /* 07-方法 */ = {
			isa = PBXNativeTarget;
			buildConfigurationList = BB5A4C451EB2DB6500645194 /* Build configuration list for PBXNativeTarget "07-方法" */;
			buildPhases = (
				BB5A4C2F1EB2DB6500645194 /* Sources */,
				BB5A4C301EB2DB6500645194 /* Frameworks */,
				BB5A4C311EB2DB6500645194 /* Resources */,
			);
			buildRules = (
			);
			dependencies = (
			);
			name = "07-方法";
			productName = "07-方法";
			productReference = BB5A4C331EB2DB6500645194 /* 07-方法.app */;
			productType = "com.apple.product-type.application";
		};
/* End PBXNativeTarget section */

/* Begin PBXProject section */
		BB5A4C2B1EB2DB6500645194 /* Project object */ = {
			isa = PBXProject;
			attributes = {
				LastSwiftUpdateCheck = 0830;
				LastUpgradeCheck = 0830;
				ORGANIZATIONNAME = JTWang;
				TargetAttributes = {
					BB5A4C321EB2DB6500645194 = {
						CreatedOnToolsVersion = 8.3;
						ProvisioningStyle = Automatic;
					};
				};
			};
			buildConfigurationList = BB5A4C2E1EB2DB6500645194 /* Build configuration list for PBXProject "07-方法" */;
			compatibilityVersion = "Xcode 3.2";
			developmentRegion = English;
			hasScannedForEncodings = 0;
			knownRegions = (
				en,
				Base,
			);
			mainGroup = BB5A4C2A1EB2DB6500645194;
			productRefGroup = BB5A4C341EB2DB6500645194 /* Products */;
			projectDirPath = "";
			projectRoot = "";
			targets = (
				BB5A4C321EB2DB6500645194 /* 07-方法 */,
			);
		};
/* End PBXProject section */

/* Begin PBXResourcesBuildPhase section */
		BB5A4C311EB2DB6500645194 /* Resources */ = {
			isa = PBXResourcesBuildPhase;
			buildActionMask = 2147483647;
			files = (
				BB5A4C411EB2DB6500645194 /* LaunchScreen.storyboard in Resources */,
				BB5A4C3E1EB2DB6500645194 /* Assets.xcassets in Resources */,
				BB5A4C3C1EB2DB6500645194 /* Main.storyboard in Resources */,
			);
			runOnlyForDeploymentPostprocessing = 0;
		};
/* End PBXResourcesBuildPhase section */

/* Begin PBXSourcesBuildPhase section */
		BB5A4C2F1EB2DB6500645194 /* Sources */ = {
			isa = PBXSourcesBuildPhase;
			buildActionMask = 2147483647;
			files = (
				BB5A4C391EB2DB6500645194 /* ViewController.swift in Sources */,
				BB5A4C371EB2DB6500645194 /* AppDelegate.swift in Sources */,
			);
			runOnlyForDeploymentPostprocessing = 0;
		};
/* End PBXSourcesBuildPhase section */

/* Begin PBXVariantGroup section */
		BB5A4C3A1EB2DB6500645194 /* Main.storyboard */ = {
			isa = PBXVariantGroup;
			children = (
				BB5A4C3B1EB2DB6500645194 /* Base */,
			);
			name = Main.storyboard;
			sourceTree = "<group>";
		};
		BB5A4C3F1EB2DB6500645194 /* LaunchScreen.storyboard */ = {
			isa = PBXVariantGroup;
			children = (
				BB5A4C401EB2DB6500645194 /* Base */,
			);
			name = LaunchScreen.storyboard;
			sourceTree = "<group>";
		};
/* End PBXVariantGroup section */

/* Begin XCBuildConfiguration section */
		BB5A4C431EB2DB6500645194 /* Debug */ = {
			isa = XCBuildConfiguration;
			buildSettings = {
				ALWAYS_SEARCH_USER_PATHS = NO;
				CLANG_ANALYZER_NONNULL = YES;
				CLANG_ANALYZER_NUMBER_OBJECT_CONVERSION = YES_AGGRESSIVE;
				CLANG_CXX_LANGUAGE_STANDARD = "gnu++0x";
				CLANG_CXX_LIBRARY = "libc++";
				CLANG_ENABLE_MODULES = YES;
				CLANG_ENABLE_OBJC_ARC = YES;
				CLANG_WARN_BOOL_CONVERSION = YES;
				CLANG_WARN_CONSTANT_CONVERSION = YES;
				CLANG_WARN_DIRECT_OBJC_ISA_USAGE = YES_ERROR;
				CLANG_WARN_DOCUMENTATION_COMMENTS = YES;
				CLANG_WARN_EMPTY_BODY = YES;
				CLANG_WARN_ENUM_CONVERSION = YES;
				CLANG_WARN_INFINITE_RECURSION = YES;
				CLANG_WARN_INT_CONVERSION = YES;
				CLANG_WARN_OBJC_ROOT_CLASS = YES_ERROR;
				CLANG_WARN_SUSPICIOUS_MOVE = YES;
				CLANG_WARN_UNREACHABLE_CODE = YES;
				CLANG_WARN__DUPLICATE_METHOD_MATCH = YES;
				"CODE_SIGN_IDENTITY[sdk=iphoneos*]" = "iPhone Developer";
				COPY_PHASE_STRIP = NO;
				DEBUG_INFORMATION_FORMAT = dwarf;
				ENABLE_STRICT_OBJC_MSGSEND = YES;
				ENABLE_TESTABILITY = YES;
				GCC_C_LANGUAGE_STANDARD = gnu99;
				GCC_DYNAMIC_NO_PIC = NO;
				GCC_NO_COMMON_BLOCKS = YES;
				GCC_OPTIMIZATION_LEVEL = 0;
				GCC_PREPROCESSOR_DEFINITIONS = (
					"DEBUG=1",
					"$(inherited)",
				);
				GCC_WARN_64_TO_32_BIT_CONVERSION = YES;
				GCC_WARN_ABOUT_RETURN_TYPE = YES_ERROR;
				GCC_WARN_UNDECLARED_SELECTOR = YES;
				GCC_WARN_UNINITIALIZED_AUTOS = YES_AGGRESSIVE;
				GCC_WARN_UNUSED_FUNCTION = YES;
				GCC_WARN_UNUSED_VARIABLE = YES;
				IPHONEOS_DEPLOYMENT_TARGET = 10.3;
				MTL_ENABLE_DEBUG_INFO = YES;
				ONLY_ACTIVE_ARCH = YES;
				SDKROOT = iphoneos;
				SWIFT_ACTIVE_COMPILATION_CONDITIONS = DEBUG;
				SWIFT_OPTIMIZATION_LEVEL = "-Onone";
				TARGETED_DEVICE_FAMILY = "1,2";
			};
			name = Debug;
		};
		BB5A4C441EB2DB6500645194 /* Release */ = {
			isa = XCBuildConfiguration;
			buildSettings = {
				ALWAYS_SEARCH_USER_PATHS = NO;
				CLANG_ANALYZER_NONNULL = YES;
				CLANG_ANALYZER_NUMBER_OBJECT_CONVERSION = YES_AGGRESSIVE;
				CLANG_CXX_LANGUAGE_STANDARD = "gnu++0x";
				CLANG_CXX_LIBRARY = "libc++";
				CLANG_ENABLE_MODULES = YES;
				CLANG_ENABLE_OBJC_ARC = YES;
				CLANG_WARN_BOOL_CONVERSION = YES;
				CLANG_WARN_CONSTANT_CONVERSION = YES;
				CLANG_WARN_DIRECT_OBJC_ISA_USAGE = YES_ERROR;
				CLANG_WARN_DOCUMENTATION_COMMENTS = YES;
				CLANG_WARN_EMPTY_BODY = YES;
				CLANG_WARN_ENUM_CONVERSION = YES;
				CLANG_WARN_INFINITE_RECURSION = YES;
				CLANG_WARN_INT_CONVERSION = YES;
				CLANG_WARN_OBJC_ROOT_CLASS = YES_ERROR;
				CLANG_WARN_SUSPICIOUS_MOVE = YES;
				CLANG_WARN_UNREACHABLE_CODE = YES;
				CLANG_WARN__DUPLICATE_METHOD_MATCH = YES;
				"CODE_SIGN_IDENTITY[sdk=iphoneos*]" = "iPhone Developer";
				COPY_PHASE_STRIP = NO;
				DEBUG_INFORMATION_FORMAT = "dwarf-with-dsym";
				ENABLE_NS_ASSERTIONS = NO;
				ENABLE_STRICT_OBJC_MSGSEND = YES;
				GCC_C_LANGUAGE_STANDARD = gnu99;
				GCC_NO_COMMON_BLOCKS = YES;
				GCC_WARN_64_TO_32_BIT_CONVERSION = YES;
				GCC_WARN_ABOUT_RETURN_TYPE = YES_ERROR;
				GCC_WARN_UNDECLARED_SELECTOR = YES;
				GCC_WARN_UNINITIALIZED_AUTOS = YES_AGGRESSIVE;
				GCC_WARN_UNUSED_FUNCTION = YES;
				GCC_WARN_UNUSED_VARIABLE = YES;
				IPHONEOS_DEPLOYMENT_TARGET = 10.3;
				MTL_ENABLE_DEBUG_INFO = NO;
				SDKROOT = iphoneos;
				SWIFT_OPTIMIZATION_LEVEL = "-Owholemodule";
				TARGETED_DEVICE_FAMILY = "1,2";
				VALIDATE_PRODUCT = YES;
			};
			name = Release;
		};
		BB5A4C461EB2DB6500645194 /* Debug */ = {
			isa = XCBuildConfiguration;
			buildSettings = {
				ASSETCATALOG_COMPILER_APPICON_NAME = AppIcon;
				INFOPLIST_FILE = "07-方法/Info.plist";
				LD_RUNPATH_SEARCH_PATHS = "$(inherited) @executable_path/Frameworks";
				PRODUCT_BUNDLE_IDENTIFIER = "JT.com.-7---";
				PRODUCT_NAME = "$(TARGET_NAME)";
				SWIFT_VERSION = 3.0;
			};
			name = Debug;
		};
		BB5A4C471EB2DB6500645194 /* Release */ = {
			isa = XCBuildConfiguration;
			buildSettings = {
				ASSETCATALOG_COMPILER_APPICON_NAME = AppIcon;
				INFOPLIST_FILE = "07-方法/Info.plist";
				LD_RUNPATH_SEARCH_PATHS = "$(inherited) @executable_path/Frameworks";
				PRODUCT_BUNDLE_IDENTIFIER = "JT.com.-7---";
				PRODUCT_NAME = "$(TARGET_NAME)";
				SWIFT_VERSION = 3.0;
			};
			name = Release;
		};
/* End XCBuildConfiguration section */

/* Begin XCConfigurationList section */
		BB5A4C2E1EB2DB6500645194 /* Build configuration list for PBXProject "07-方法" */ = {
			isa = XCConfigurationList;
			buildConfigurations = (
				BB5A4C431EB2DB6500645194 /* Debug */,
				BB5A4C441EB2DB6500645194 /* Release */,
			);
			defaultConfigurationIsVisible = 0;
			defaultConfigurationName = Release;
		};
		BB5A4C451EB2DB6500645194 /* Build configuration list for PBXNativeTarget "07-方法" */ = {
			isa = XCConfigurationList;
			buildConfigurations = (
				BB5A4C461EB2DB6500645194 /* Debug */,
				BB5A4C471EB2DB6500645194 /* Release */,
			);
			defaultConfigurationIsVisible = 0;
		};
/* End XCConfigurationList section */
	};
	rootObject = BB5A4C2B1EB2DB6500645194 /* Project object */;
}
