// !$*UTF8*$!
{
	archiveVersion = 1;
	classes = {
	};
	objectVersion = 46;
	objects = {

/* Begin PBXBuildFile section */
		BB3BE8CC1ED2DEE5008647F0 /* AppDelegate.swift in Sources */ = {isa = PBXBuildFile; fileRef = BB3BE8CB1ED2DEE5008647F0 /* AppDelegate.swift */; };
		BB3BE8CE1ED2DEE5008647F0 /* ViewController.swift in Sources */ = {isa = PBXBuildFile; fileRef = BB3BE8CD1ED2DEE5008647F0 /* ViewController.swift */; };
		BB3BE8D11ED2DEE5008647F0 /* Main.storyboard in Resources */ = {isa = PBXBuildFile; fileRef = BB3BE8CF1ED2DEE5008647F0 /* Main.storyboard */; };
		BB3BE8D31ED2DEE5008647F0 /* Assets.xcassets in Resources */ = {isa = PBXBuildFile; fileRef = BB3BE8D21ED2DEE5008647F0 /* Assets.xcassets */; };
		BB3BE8D61ED2DEE5008647F0 /* LaunchScreen.storyboard in Resources */ = {isa = PBXBuildFile; fileRef = BB3BE8D41ED2DEE5008647F0 /* LaunchScreen.storyboard */; };
		BB3BE8DE1ED2E005008647F0 /* iu.jpg in Resources */ = {isa = PBXBuildFile; fileRef = BB3BE8DD1ED2E005008647F0 /* iu.jpg */; };
/* End PBXBuildFile section */

/* Begin PBXFileReference section */
		BB3BE8C81ED2DEE5008647F0 /* 14-transform动画.app */ = {isa = PBXFileReference; explicitFileType = wrapper.application; includeInIndex = 0; path = "14-transform动画.app"; sourceTree = BUILT_PRODUCTS_DIR; };
		BB3BE8CB1ED2DEE5008647F0 /* AppDelegate.swift */ = {isa = PBXFileReference; lastKnownFileType = sourcecode.swift; path = AppDelegate.swift; sourceTree = "<group>"; };
		BB3BE8CD1ED2DEE5008647F0 /* ViewController.swift */ = {isa = PBXFileReference; lastKnownFileType = sourcecode.swift; path = ViewController.swift; sourceTree = "<group>"; };
		BB3BE8D01ED2DEE5008647F0 /* Base */ = {isa = PBXFileReference; lastKnownFileType = file.storyboard; name = Base; path = Base.lproj/Main.storyboard; sourceTree = "<group>"; };
		BB3BE8D21ED2DEE5008647F0 /* Assets.xcassets */ = {isa = PBXFileReference; lastKnownFileType = folder.assetcatalog; path = Assets.xcassets; sourceTree = "<group>"; };
		BB3BE8D51ED2DEE5008647F0 /* Base */ = {isa = PBXFileReference; lastKnownFileType = file.storyboard; name = Base; path = Base.lproj/LaunchScreen.storyboard; sourceTree = "<group>"; };
		BB3BE8D71ED2DEE5008647F0 /* Info.plist */ = {isa = PBXFileReference; lastKnownFileType = text.plist.xml; path = Info.plist; sourceTree = "<group>"; };
		BB3BE8DD1ED2E005008647F0 /* iu.jpg */ = {isa = PBXFileReference; lastKnownFileType = image.jpeg; path = iu.jpg; sourceTree = "<group>"; };
/* End PBXFileReference section */

/* Begin PBXFrameworksBuildPhase section */
		BB3BE8C51ED2DEE5008647F0 /* Frameworks */ = {
			isa = PBXFrameworksBuildPhase;
			buildActionMask = 2147483647;
			files = (
			);
			runOnlyForDeploymentPostprocessing = 0;
		};
/* End PBXFrameworksBuildPhase section */

/* Begin PBXGroup section */
		BB3BE8BF1ED2DEE5008647F0 = {
			isa = PBXGroup;
			children = (
				BB3BE8CA1ED2DEE5008647F0 /* 14-transform动画 */,
				BB3BE8C91ED2DEE5008647F0 /* Products */,
			);
			sourceTree = "<group>";
		};
		BB3BE8C91ED2DEE5008647F0 /* Products */ = {
			isa = PBXGroup;
			children = (
				BB3BE8C81ED2DEE5008647F0 /* 14-transform动画.app */,
			);
			name = Products;
			sourceTree = "<group>";
		};
		BB3BE8CA1ED2DEE5008647F0 /* 14-transform动画 */ = {
			isa = PBXGroup;
			children = (
				BB3BE8CB1ED2DEE5008647F0 /* AppDelegate.swift */,
				BB3BE8CD1ED2DEE5008647F0 /* ViewController.swift */,
				BB3BE8CF1ED2DEE5008647F0 /* Main.storyboard */,
				BB3BE8D21ED2DEE5008647F0 /* Assets.xcassets */,
				BB3BE8DD1ED2E005008647F0 /* iu.jpg */,
				BB3BE8D41ED2DEE5008647F0 /* LaunchScreen.storyboard */,
				BB3BE8D71ED2DEE5008647F0 /* Info.plist */,
			);
			path = "14-transform动画";
			sourceTree = "<group>";
		};
/* End PBXGroup section */

/* Begin PBXNativeTarget section */
		BB3BE8C71ED2DEE5008647F0 /* 14-transform动画 */ = {
			isa = PBXNativeTarget;
			buildConfigurationList = BB3BE8DA1ED2DEE5008647F0 /* Build configuration list for PBXNativeTarget "14-transform动画" */;
			buildPhases = (
				BB3BE8C41ED2DEE5008647F0 /* Sources */,
				BB3BE8C51ED2DEE5008647F0 /* Frameworks */,
				BB3BE8C61ED2DEE5008647F0 /* Resources */,
			);
			buildRules = (
			);
			dependencies = (
			);
			name = "14-transform动画";
			productName = "14-transform动画";
			productReference = BB3BE8C81ED2DEE5008647F0 /* 14-transform动画.app */;
			productType = "com.apple.product-type.application";
		};
/* End PBXNativeTarget section */

/* Begin PBXProject section */
		BB3BE8C01ED2DEE5008647F0 /* Project object */ = {
			isa = PBXProject;
			attributes = {
				LastSwiftUpdateCheck = 0830;
				LastUpgradeCheck = 0830;
				ORGANIZATIONNAME = JTWang;
				TargetAttributes = {
					BB3BE8C71ED2DEE5008647F0 = {
						CreatedOnToolsVersion = 8.3;
						DevelopmentTeam = KG5ZNG86KM;
						ProvisioningStyle = Automatic;
					};
				};
			};
			buildConfigurationList = BB3BE8C31ED2DEE5008647F0 /* Build configuration list for PBXProject "14-transform动画" */;
			compatibilityVersion = "Xcode 3.2";
			developmentRegion = English;
			hasScannedForEncodings = 0;
			knownRegions = (
				English,
				en,
				Base,
			);
			mainGroup = BB3BE8BF1ED2DEE5008647F0;
			productRefGroup = BB3BE8C91ED2DEE5008647F0 /* Products */;
			projectDirPath = "";
			projectRoot = "";
			targets = (
				BB3BE8C71ED2DEE5008647F0 /* 14-transform动画 */,
			);
		};
/* End PBXProject section */

/* Begin PBXResourcesBuildPhase section */
		BB3BE8C61ED2DEE5008647F0 /* Resources */ = {
			isa = PBXResourcesBuildPhase;
			buildActionMask = 2147483647;
			files = (
				BB3BE8D61ED2DEE5008647F0 /* LaunchScreen.storyboard in Resources */,
				BB3BE8D31ED2DEE5008647F0 /* Assets.xcassets in Resources */,
				BB3BE8D11ED2DEE5008647F0 /* Main.storyboard in Resources */,
				BB3BE8DE1ED2E005008647F0 /* iu.jpg in Resources */,
			);
			runOnlyForDeploymentPostprocessing = 0;
		};
/* End PBXResourcesBuildPhase section */

/* Begin PBXSourcesBuildPhase section */
		BB3BE8C41ED2DEE5008647F0 /* Sources */ = {
			isa = PBXSourcesBuildPhase;
			buildActionMask = 2147483647;
			files = (
				BB3BE8CE1ED2DEE5008647F0 /* ViewController.swift in Sources */,
				BB3BE8CC1ED2DEE5008647F0 /* AppDelegate.swift in Sources */,
			);
			runOnlyForDeploymentPostprocessing = 0;
		};
/* End PBXSourcesBuildPhase section */

/* Begin PBXVariantGroup section */
		BB3BE8CF1ED2DEE5008647F0 /* Main.storyboard */ = {
			isa = PBXVariantGroup;
			children = (
				BB3BE8D01ED2DEE5008647F0 /* Base */,
			);
			name = Main.storyboard;
			sourceTree = "<group>";
		};
		BB3BE8D41ED2DEE5008647F0 /* LaunchScreen.storyboard */ = {
			isa = PBXVariantGroup;
			children = (
				BB3BE8D51ED2DEE5008647F0 /* Base */,
			);
			name = LaunchScreen.storyboard;
			sourceTree = "<group>";
		};
/* End PBXVariantGroup section */

/* Begin XCBuildConfiguration section */
		BB3BE8D81ED2DEE5008647F0 /* Debug */ = {
			isa = XCBuildConfiguration;
			buildSettings = {
				ALWAYS_SEARCH_USER_PATHS = NO;
				CLANG_ANALYZER_NONNULL = YES;
				CLANG_ANALYZER_NUMBER_OBJECT_CONVERSION = YES_AGGRESSIVE;
				CLANG_CXX_LANGUAGE_STANDARD = "gnu++0x";
				CLANG_CXX_LIBRARY = "libc++";
				CLANG_ENABLE_MODULES = YES;
				CLANG_ENABLE_OBJC_ARC = YES;
				CLANG_WARN_BOOL_CONVERSION = YES;
				CLANG_WARN_CONSTANT_CONVERSION = YES;
				CLANG_WARN_DIRECT_OBJC_ISA_USAGE = YES_ERROR;
				CLANG_WARN_DOCUMENTATION_COMMENTS = YES;
				CLANG_WARN_EMPTY_BODY = YES;
				CLANG_WARN_ENUM_CONVERSION = YES;
				CLANG_WARN_INFINITE_RECURSION = YES;
				CLANG_WARN_INT_CONVERSION = YES;
				CLANG_WARN_OBJC_ROOT_CLASS = YES_ERROR;
				CLANG_WARN_SUSPICIOUS_MOVE = YES;
				CLANG_WARN_UNREACHABLE_CODE = YES;
				CLANG_WARN__DUPLICATE_METHOD_MATCH = YES;
				"CODE_SIGN_IDENTITY[sdk=iphoneos*]" = "iPhone Developer";
				COPY_PHASE_STRIP = NO;
				DEBUG_INFORMATION_FORMAT = dwarf;
				ENABLE_STRICT_OBJC_MSGSEND = YES;
				ENABLE_TESTABILITY = YES;
				GCC_C_LANGUAGE_STANDARD = gnu99;
				GCC_DYNAMIC_NO_PIC = NO;
				GCC_NO_COMMON_BLOCKS = YES;
				GCC_OPTIMIZATION_LEVEL = 0;
				GCC_PREPROCESSOR_DEFINITIONS = (
					"DEBUG=1",
					"$(inherited)",
				);
				GCC_WARN_64_TO_32_BIT_CONVERSION = YES;
				GCC_WARN_ABOUT_RETURN_TYPE = YES_ERROR;
				GCC_WARN_UNDECLARED_SELECTOR = YES;
				GCC_WARN_UNINITIALIZED_AUTOS = YES_AGGRESSIVE;
				GCC_WARN_UNUSED_FUNCTION = YES;
				GCC_WARN_UNUSED_VARIABLE = YES;
				IPHONEOS_DEPLOYMENT_TARGET = 10.3;
				MTL_ENABLE_DEBUG_INFO = YES;
				ONLY_ACTIVE_ARCH = YES;
				SDKROOT = iphoneos;
				SWIFT_ACTIVE_COMPILATION_CONDITIONS = DEBUG;
				SWIFT_OPTIMIZATION_LEVEL = "-Onone";
				TARGETED_DEVICE_FAMILY = "1,2";
			};
			name = Debug;
		};
		BB3BE8D91ED2DEE5008647F0 /* Release */ = {
			isa = XCBuildConfiguration;
			buildSettings = {
				ALWAYS_SEARCH_USER_PATHS = NO;
				CLANG_ANALYZER_NONNULL = YES;
				CLANG_ANALYZER_NUMBER_OBJECT_CONVERSION = YES_AGGRESSIVE;
				CLANG_CXX_LANGUAGE_STANDARD = "gnu++0x";
				CLANG_CXX_LIBRARY = "libc++";
				CLANG_ENABLE_MODULES = YES;
				CLANG_ENABLE_OBJC_ARC = YES;
				CLANG_WARN_BOOL_CONVERSION = YES;
				CLANG_WARN_CONSTANT_CONVERSION = YES;
				CLANG_WARN_DIRECT_OBJC_ISA_USAGE = YES_ERROR;
				CLANG_WARN_DOCUMENTATION_COMMENTS = YES;
				CLANG_WARN_EMPTY_BODY = YES;
				CLANG_WARN_ENUM_CONVERSION = YES;
				CLANG_WARN_INFINITE_RECURSION = YES;
				CLANG_WARN_INT_CONVERSION = YES;
				CLANG_WARN_OBJC_ROOT_CLASS = YES_ERROR;
				CLANG_WARN_SUSPICIOUS_MOVE = YES;
				CLANG_WARN_UNREACHABLE_CODE = YES;
				CLANG_WARN__DUPLICATE_METHOD_MATCH = YES;
				"CODE_SIGN_IDENTITY[sdk=iphoneos*]" = "iPhone Developer";
				COPY_PHASE_STRIP = NO;
				DEBUG_INFORMATION_FORMAT = "dwarf-with-dsym";
				ENABLE_NS_ASSERTIONS = NO;
				ENABLE_STRICT_OBJC_MSGSEND = YES;
				GCC_C_LANGUAGE_STANDARD = gnu99;
				GCC_NO_COMMON_BLOCKS = YES;
				GCC_WARN_64_TO_32_BIT_CONVERSION = YES;
				GCC_WARN_ABOUT_RETURN_TYPE = YES_ERROR;
				GCC_WARN_UNDECLARED_SELECTOR = YES;
				GCC_WARN_UNINITIALIZED_AUTOS = YES_AGGRESSIVE;
				GCC_WARN_UNUSED_FUNCTION = YES;
				GCC_WARN_UNUSED_VARIABLE = YES;
				IPHONEOS_DEPLOYMENT_TARGET = 10.3;
				MTL_ENABLE_DEBUG_INFO = NO;
				SDKROOT = iphoneos;
				SWIFT_OPTIMIZATION_LEVEL = "-Owholemodule";
				TARGETED_DEVICE_FAMILY = "1,2";
				VALIDATE_PRODUCT = YES;
			};
			name = Release;
		};
		BB3BE8DB1ED2DEE5008647F0 /* Debug */ = {
			isa = XCBuildConfiguration;
			buildSettings = {
				ASSETCATALOG_COMPILER_APPICON_NAME = AppIcon;
				DEVELOPMENT_TEAM = KG5ZNG86KM;
				INFOPLIST_FILE = "14-transform动画/Info.plist";
				LD_RUNPATH_SEARCH_PATHS = "$(inherited) @executable_path/Frameworks";
				PRODUCT_BUNDLE_IDENTIFIER = "JT.com.-4-transform--";
				PRODUCT_NAME = "$(TARGET_NAME)";
				SWIFT_VERSION = 4.0;
			};
			name = Debug;
		};
		BB3BE8DC1ED2DEE5008647F0 /* Release */ = {
			isa = XCBuildConfiguration;
			buildSettings = {
				ASSETCATALOG_COMPILER_APPICON_NAME = AppIcon;
				DEVELOPMENT_TEAM = KG5ZNG86KM;
				INFOPLIST_FILE = "14-transform动画/Info.plist";
				LD_RUNPATH_SEARCH_PATHS = "$(inherited) @executable_path/Frameworks";
				PRODUCT_BUNDLE_IDENTIFIER = "JT.com.-4-transform--";
				PRODUCT_NAME = "$(TARGET_NAME)";
				SWIFT_VERSION = 4.0;
			};
			name = Release;
		};
/* End XCBuildConfiguration section */

/* Begin XCConfigurationList section */
		BB3BE8C31ED2DEE5008647F0 /* Build configuration list for PBXProject "14-transform动画" */ = {
			isa = XCConfigurationList;
			buildConfigurations = (
				BB3BE8D81ED2DEE5008647F0 /* Debug */,
				BB3BE8D91ED2DEE5008647F0 /* Release */,
			);
			defaultConfigurationIsVisible = 0;
			defaultConfigurationName = Release;
		};
		BB3BE8DA1ED2DEE5008647F0 /* Build configuration list for PBXNativeTarget "14-transform动画" */ = {
			isa = XCConfigurationList;
			buildConfigurations = (
				BB3BE8DB1ED2DEE5008647F0 /* Debug */,
				BB3BE8DC1ED2DEE5008647F0 /* Release */,
			);
			defaultConfigurationIsVisible = 0;
			defaultConfigurationName = Release;
		};
/* End XCConfigurationList section */
	};
	rootObject = BB3BE8C01ED2DEE5008647F0 /* Project object */;
}
