// !$*UTF8*$!
{
	archiveVersion = 1;
	classes = {
	};
	objectVersion = 46;
	objects = {

/* Begin PBXBuildFile section */
		BB5C17501ECAD0EB00C74ED0 /* AppDelegate.swift in Sources */ = {isa = PBXBuildFile; fileRef = BB5C174F1ECAD0EB00C74ED0 /* AppDelegate.swift */; };
		BB5C17521ECAD0EB00C74ED0 /* ViewController.swift in Sources */ = {isa = PBXBuildFile; fileRef = BB5C17511ECAD0EB00C74ED0 /* ViewController.swift */; };
		BB5C17551ECAD0EB00C74ED0 /* Main.storyboard in Resources */ = {isa = PBXBuildFile; fileRef = BB5C17531ECAD0EB00C74ED0 /* Main.storyboard */; };
		BB5C17571ECAD0EB00C74ED0 /* Assets.xcassets in Resources */ = {isa = PBXBuildFile; fileRef = BB5C17561ECAD0EB00C74ED0 /* Assets.xcassets */; };
		BB5C175A1ECAD0EB00C74ED0 /* LaunchScreen.storyboard in Resources */ = {isa = PBXBuildFile; fileRef = BB5C17581ECAD0EB00C74ED0 /* LaunchScreen.storyboard */; };
		BB5C17621ECAF9C700C74ED0 /* ItemsView.swift in Sources */ = {isa = PBXBuildFile; fileRef = BB5C17611ECAF9C700C74ED0 /* ItemsView.swift */; };
/* End PBXBuildFile section */

/* Begin PBXFileReference section */
		BB5C174C1ECAD0EB00C74ED0 /* 13-约束动画.app */ = {isa = PBXFileReference; explicitFileType = wrapper.application; includeInIndex = 0; path = "13-约束动画.app"; sourceTree = BUILT_PRODUCTS_DIR; };
		BB5C174F1ECAD0EB00C74ED0 /* AppDelegate.swift */ = {isa = PBXFileReference; lastKnownFileType = sourcecode.swift; path = AppDelegate.swift; sourceTree = "<group>"; };
		BB5C17511ECAD0EB00C74ED0 /* ViewController.swift */ = {isa = PBXFileReference; lastKnownFileType = sourcecode.swift; path = ViewController.swift; sourceTree = "<group>"; };
		BB5C17541ECAD0EB00C74ED0 /* Base */ = {isa = PBXFileReference; lastKnownFileType = file.storyboard; name = Base; path = Base.lproj/Main.storyboard; sourceTree = "<group>"; };
		BB5C17561ECAD0EB00C74ED0 /* Assets.xcassets */ = {isa = PBXFileReference; lastKnownFileType = folder.assetcatalog; path = Assets.xcassets; sourceTree = "<group>"; };
		BB5C17591ECAD0EB00C74ED0 /* Base */ = {isa = PBXFileReference; lastKnownFileType = file.storyboard; name = Base; path = Base.lproj/LaunchScreen.storyboard; sourceTree = "<group>"; };
		BB5C175B1ECAD0EB00C74ED0 /* Info.plist */ = {isa = PBXFileReference; lastKnownFileType = text.plist.xml; path = Info.plist; sourceTree = "<group>"; };
		BB5C17611ECAF9C700C74ED0 /* ItemsView.swift */ = {isa = PBXFileReference; fileEncoding = 4; lastKnownFileType = sourcecode.swift; path = ItemsView.swift; sourceTree = "<group>"; };
/* End PBXFileReference section */

/* Begin PBXFrameworksBuildPhase section */
		BB5C17491ECAD0EB00C74ED0 /* Frameworks */ = {
			isa = PBXFrameworksBuildPhase;
			buildActionMask = 2147483647;
			files = (
			);
			runOnlyForDeploymentPostprocessing = 0;
		};
/* End PBXFrameworksBuildPhase section */

/* Begin PBXGroup section */
		BB5C17431ECAD0EB00C74ED0 = {
			isa = PBXGroup;
			children = (
				BB5C174E1ECAD0EB00C74ED0 /* 13-约束动画 */,
				BB5C174D1ECAD0EB00C74ED0 /* Products */,
			);
			sourceTree = "<group>";
		};
		BB5C174D1ECAD0EB00C74ED0 /* Products */ = {
			isa = PBXGroup;
			children = (
				BB5C174C1ECAD0EB00C74ED0 /* 13-约束动画.app */,
			);
			name = Products;
			sourceTree = "<group>";
		};
		BB5C174E1ECAD0EB00C74ED0 /* 13-约束动画 */ = {
			isa = PBXGroup;
			children = (
				BB5C174F1ECAD0EB00C74ED0 /* AppDelegate.swift */,
				BB5C17511ECAD0EB00C74ED0 /* ViewController.swift */,
				BB5C17531ECAD0EB00C74ED0 /* Main.storyboard */,
				BB5C17561ECAD0EB00C74ED0 /* Assets.xcassets */,
				BB5C17581ECAD0EB00C74ED0 /* LaunchScreen.storyboard */,
				BB5C175B1ECAD0EB00C74ED0 /* Info.plist */,
				BB5C17611ECAF9C700C74ED0 /* ItemsView.swift */,
			);
			path = "13-约束动画";
			sourceTree = "<group>";
		};
/* End PBXGroup section */

/* Begin PBXNativeTarget section */
		BB5C174B1ECAD0EB00C74ED0 /* 13-约束动画 */ = {
			isa = PBXNativeTarget;
			buildConfigurationList = BB5C175E1ECAD0EB00C74ED0 /* Build configuration list for PBXNativeTarget "13-约束动画" */;
			buildPhases = (
				BB5C17481ECAD0EB00C74ED0 /* Sources */,
				BB5C17491ECAD0EB00C74ED0 /* Frameworks */,
				BB5C174A1ECAD0EB00C74ED0 /* Resources */,
			);
			buildRules = (
			);
			dependencies = (
			);
			name = "13-约束动画";
			productName = "13-约束动画";
			productReference = BB5C174C1ECAD0EB00C74ED0 /* 13-约束动画.app */;
			productType = "com.apple.product-type.application";
		};
/* End PBXNativeTarget section */

/* Begin PBXProject section */
		BB5C17441ECAD0EB00C74ED0 /* Project object */ = {
			isa = PBXProject;
			attributes = {
				LastSwiftUpdateCheck = 0830;
				LastUpgradeCheck = 0830;
				ORGANIZATIONNAME = JTWang;
				TargetAttributes = {
					BB5C174B1ECAD0EB00C74ED0 = {
						CreatedOnToolsVersion = 8.3;
						DevelopmentTeam = KG5ZNG86KM;
						ProvisioningStyle = Automatic;
					};
				};
			};
			buildConfigurationList = BB5C17471ECAD0EB00C74ED0 /* Build configuration list for PBXProject "13-约束动画" */;
			compatibilityVersion = "Xcode 3.2";
			developmentRegion = English;
			hasScannedForEncodings = 0;
			knownRegions = (
				English,
				en,
				Base,
			);
			mainGroup = BB5C17431ECAD0EB00C74ED0;
			productRefGroup = BB5C174D1ECAD0EB00C74ED0 /* Products */;
			projectDirPath = "";
			projectRoot = "";
			targets = (
				BB5C174B1ECAD0EB00C74ED0 /* 13-约束动画 */,
			);
		};
/* End PBXProject section */

/* Begin PBXResourcesBuildPhase section */
		BB5C174A1ECAD0EB00C74ED0 /* Resources */ = {
			isa = PBXResourcesBuildPhase;
			buildActionMask = 2147483647;
			files = (
				BB5C175A1ECAD0EB00C74ED0 /* LaunchScreen.storyboard in Resources */,
				BB5C17571ECAD0EB00C74ED0 /* Assets.xcassets in Resources */,
				BB5C17551ECAD0EB00C74ED0 /* Main.storyboard in Resources */,
			);
			runOnlyForDeploymentPostprocessing = 0;
		};
/* End PBXResourcesBuildPhase section */

/* Begin PBXSourcesBuildPhase section */
		BB5C17481ECAD0EB00C74ED0 /* Sources */ = {
			isa = PBXSourcesBuildPhase;
			buildActionMask = 2147483647;
			files = (
				BB5C17521ECAD0EB00C74ED0 /* ViewController.swift in Sources */,
				BB5C17621ECAF9C700C74ED0 /* ItemsView.swift in Sources */,
				BB5C17501ECAD0EB00C74ED0 /* AppDelegate.swift in Sources */,
			);
			runOnlyForDeploymentPostprocessing = 0;
		};
/* End PBXSourcesBuildPhase section */

/* Begin PBXVariantGroup section */
		BB5C17531ECAD0EB00C74ED0 /* Main.storyboard */ = {
			isa = PBXVariantGroup;
			children = (
				BB5C17541ECAD0EB00C74ED0 /* Base */,
			);
			name = Main.storyboard;
			sourceTree = "<group>";
		};
		BB5C17581ECAD0EB00C74ED0 /* LaunchScreen.storyboard */ = {
			isa = PBXVariantGroup;
			children = (
				BB5C17591ECAD0EB00C74ED0 /* Base */,
			);
			name = LaunchScreen.storyboard;
			sourceTree = "<group>";
		};
/* End PBXVariantGroup section */

/* Begin XCBuildConfiguration section */
		BB5C175C1ECAD0EB00C74ED0 /* Debug */ = {
			isa = XCBuildConfiguration;
			buildSettings = {
				ALWAYS_SEARCH_USER_PATHS = NO;
				CLANG_ANALYZER_NONNULL = YES;
				CLANG_ANALYZER_NUMBER_OBJECT_CONVERSION = YES_AGGRESSIVE;
				CLANG_CXX_LANGUAGE_STANDARD = "gnu++0x";
				CLANG_CXX_LIBRARY = "libc++";
				CLANG_ENABLE_MODULES = YES;
				CLANG_ENABLE_OBJC_ARC = YES;
				CLANG_WARN_BOOL_CONVERSION = YES;
				CLANG_WARN_CONSTANT_CONVERSION = YES;
				CLANG_WARN_DIRECT_OBJC_ISA_USAGE = YES_ERROR;
				CLANG_WARN_DOCUMENTATION_COMMENTS = YES;
				CLANG_WARN_EMPTY_BODY = YES;
				CLANG_WARN_ENUM_CONVERSION = YES;
				CLANG_WARN_INFINITE_RECURSION = YES;
				CLANG_WARN_INT_CONVERSION = YES;
				CLANG_WARN_OBJC_ROOT_CLASS = YES_ERROR;
				CLANG_WARN_SUSPICIOUS_MOVE = YES;
				CLANG_WARN_UNREACHABLE_CODE = YES;
				CLANG_WARN__DUPLICATE_METHOD_MATCH = YES;
				"CODE_SIGN_IDENTITY[sdk=iphoneos*]" = "iPhone Developer";
				COPY_PHASE_STRIP = NO;
				DEBUG_INFORMATION_FORMAT = dwarf;
				ENABLE_STRICT_OBJC_MSGSEND = YES;
				ENABLE_TESTABILITY = YES;
				GCC_C_LANGUAGE_STANDARD = gnu99;
				GCC_DYNAMIC_NO_PIC = NO;
				GCC_NO_COMMON_BLOCKS = YES;
				GCC_OPTIMIZATION_LEVEL = 0;
				GCC_PREPROCESSOR_DEFINITIONS = (
					"DEBUG=1",
					"$(inherited)",
				);
				GCC_WARN_64_TO_32_BIT_CONVERSION = YES;
				GCC_WARN_ABOUT_RETURN_TYPE = YES_ERROR;
				GCC_WARN_UNDECLARED_SELECTOR = YES;
				GCC_WARN_UNINITIALIZED_AUTOS = YES_AGGRESSIVE;
				GCC_WARN_UNUSED_FUNCTION = YES;
				GCC_WARN_UNUSED_VARIABLE = YES;
				IPHONEOS_DEPLOYMENT_TARGET = 10.3;
				MTL_ENABLE_DEBUG_INFO = YES;
				ONLY_ACTIVE_ARCH = YES;
				SDKROOT = iphoneos;
				SWIFT_ACTIVE_COMPILATION_CONDITIONS = DEBUG;
				SWIFT_OPTIMIZATION_LEVEL = "-Onone";
				TARGETED_DEVICE_FAMILY = "1,2";
			};
			name = Debug;
		};
		BB5C175D1ECAD0EB00C74ED0 /* Release */ = {
			isa = XCBuildConfiguration;
			buildSettings = {
				ALWAYS_SEARCH_USER_PATHS = NO;
				CLANG_ANALYZER_NONNULL = YES;
				CLANG_ANALYZER_NUMBER_OBJECT_CONVERSION = YES_AGGRESSIVE;
				CLANG_CXX_LANGUAGE_STANDARD = "gnu++0x";
				CLANG_CXX_LIBRARY = "libc++";
				CLANG_ENABLE_MODULES = YES;
				CLANG_ENABLE_OBJC_ARC = YES;
				CLANG_WARN_BOOL_CONVERSION = YES;
				CLANG_WARN_CONSTANT_CONVERSION = YES;
				CLANG_WARN_DIRECT_OBJC_ISA_USAGE = YES_ERROR;
				CLANG_WARN_DOCUMENTATION_COMMENTS = YES;
				CLANG_WARN_EMPTY_BODY = YES;
				CLANG_WARN_ENUM_CONVERSION = YES;
				CLANG_WARN_INFINITE_RECURSION = YES;
				CLANG_WARN_INT_CONVERSION = YES;
				CLANG_WARN_OBJC_ROOT_CLASS = YES_ERROR;
				CLANG_WARN_SUSPICIOUS_MOVE = YES;
				CLANG_WARN_UNREACHABLE_CODE = YES;
				CLANG_WARN__DUPLICATE_METHOD_MATCH = YES;
				"CODE_SIGN_IDENTITY[sdk=iphoneos*]" = "iPhone Developer";
				COPY_PHASE_STRIP = NO;
				DEBUG_INFORMATION_FORMAT = "dwarf-with-dsym";
				ENABLE_NS_ASSERTIONS = NO;
				ENABLE_STRICT_OBJC_MSGSEND = YES;
				GCC_C_LANGUAGE_STANDARD = gnu99;
				GCC_NO_COMMON_BLOCKS = YES;
				GCC_WARN_64_TO_32_BIT_CONVERSION = YES;
				GCC_WARN_ABOUT_RETURN_TYPE = YES_ERROR;
				GCC_WARN_UNDECLARED_SELECTOR = YES;
				GCC_WARN_UNINITIALIZED_AUTOS = YES_AGGRESSIVE;
				GCC_WARN_UNUSED_FUNCTION = YES;
				GCC_WARN_UNUSED_VARIABLE = YES;
				IPHONEOS_DEPLOYMENT_TARGET = 10.3;
				MTL_ENABLE_DEBUG_INFO = NO;
				SDKROOT = iphoneos;
				SWIFT_OPTIMIZATION_LEVEL = "-Owholemodule";
				TARGETED_DEVICE_FAMILY = "1,2";
				VALIDATE_PRODUCT = YES;
			};
			name = Release;
		};
		BB5C175F1ECAD0EB00C74ED0 /* Debug */ = {
			isa = XCBuildConfiguration;
			buildSettings = {
				ASSETCATALOG_COMPILER_APPICON_NAME = AppIcon;
				DEVELOPMENT_TEAM = KG5ZNG86KM;
				INFOPLIST_FILE = "13-约束动画/Info.plist";
				LD_RUNPATH_SEARCH_PATHS = "$(inherited) @executable_path/Frameworks";
				PRODUCT_BUNDLE_IDENTIFIER = "JT.com.-3-----";
				PRODUCT_NAME = "$(TARGET_NAME)";
				SWIFT_VERSION = 4.0;
			};
			name = Debug;
		};
		BB5C17601ECAD0EB00C74ED0 /* Release */ = {
			isa = XCBuildConfiguration;
			buildSettings = {
				ASSETCATALOG_COMPILER_APPICON_NAME = AppIcon;
				DEVELOPMENT_TEAM = KG5ZNG86KM;
				INFOPLIST_FILE = "13-约束动画/Info.plist";
				LD_RUNPATH_SEARCH_PATHS = "$(inherited) @executable_path/Frameworks";
				PRODUCT_BUNDLE_IDENTIFIER = "JT.com.-3-----";
				PRODUCT_NAME = "$(TARGET_NAME)";
				SWIFT_VERSION = 4.0;
			};
			name = Release;
		};
/* End XCBuildConfiguration section */

/* Begin XCConfigurationList section */
		BB5C17471ECAD0EB00C74ED0 /* Build configuration list for PBXProject "13-约束动画" */ = {
			isa = XCConfigurationList;
			buildConfigurations = (
				BB5C175C1ECAD0EB00C74ED0 /* Debug */,
				BB5C175D1ECAD0EB00C74ED0 /* Release */,
			);
			defaultConfigurationIsVisible = 0;
			defaultConfigurationName = Release;
		};
		BB5C175E1ECAD0EB00C74ED0 /* Build configuration list for PBXNativeTarget "13-约束动画" */ = {
			isa = XCConfigurationList;
			buildConfigurations = (
				BB5C175F1ECAD0EB00C74ED0 /* Debug */,
				BB5C17601ECAD0EB00C74ED0 /* Release */,
			);
			defaultConfigurationIsVisible = 0;
			defaultConfigurationName = Release;
		};
/* End XCConfigurationList section */
	};
	rootObject = BB5C17441ECAD0EB00C74ED0 /* Project object */;
}
