// !$*UTF8*$!
{
	archiveVersion = 1;
	classes = {
	};
	objectVersion = 46;
	objects = {

/* Begin PBXBuildFile section */
		BB1ACFB61EB6163700540CBC /* AppDelegate.swift in Sources */ = {isa = PBXBuildFile; fileRef = BB1ACFB51EB6163700540CBC /* AppDelegate.swift */; };
		BB1ACFB81EB6163700540CBC /* ViewController.swift in Sources */ = {isa = PBXBuildFile; fileRef = BB1ACFB71EB6163700540CBC /* ViewController.swift */; };
		BB1ACFBB1EB6163700540CBC /* Main.storyboard in Resources */ = {isa = PBXBuildFile; fileRef = BB1ACFB91EB6163700540CBC /* Main.storyboard */; };
		BB1ACFBD1EB6163700540CBC /* Assets.xcassets in Resources */ = {isa = PBXBuildFile; fileRef = BB1ACFBC1EB6163700540CBC /* Assets.xcassets */; };
		BB1ACFC01EB6163700540CBC /* LaunchScreen.storyboard in Resources */ = {isa = PBXBuildFile; fileRef = BB1ACFBE1EB6163700540CBC /* LaunchScreen.storyboard */; };
/* End PBXBuildFile section */

/* Begin PBXFileReference section */
		BB1ACFB21EB6163700540CBC /* 10-构造过程.app */ = {isa = PBXFileReference; explicitFileType = wrapper.application; includeInIndex = 0; path = "10-构造过程.app"; sourceTree = BUILT_PRODUCTS_DIR; };
		BB1ACFB51EB6163700540CBC /* AppDelegate.swift */ = {isa = PBXFileReference; lastKnownFileType = sourcecode.swift; path = AppDelegate.swift; sourceTree = "<group>"; };
		BB1ACFB71EB6163700540CBC /* ViewController.swift */ = {isa = PBXFileReference; lastKnownFileType = sourcecode.swift; path = ViewController.swift; sourceTree = "<group>"; };
		BB1ACFBA1EB6163700540CBC /* Base */ = {isa = PBXFileReference; lastKnownFileType = file.storyboard; name = Base; path = Base.lproj/Main.storyboard; sourceTree = "<group>"; };
		BB1ACFBC1EB6163700540CBC /* Assets.xcassets */ = {isa = PBXFileReference; lastKnownFileType = folder.assetcatalog; path = Assets.xcassets; sourceTree = "<group>"; };
		BB1ACFBF1EB6163700540CBC /* Base */ = {isa = PBXFileReference; lastKnownFileType = file.storyboard; name = Base; path = Base.lproj/LaunchScreen.storyboard; sourceTree = "<group>"; };
		BB1ACFC11EB6163700540CBC /* Info.plist */ = {isa = PBXFileReference; lastKnownFileType = text.plist.xml; path = Info.plist; sourceTree = "<group>"; };
/* End PBXFileReference section */

/* Begin PBXFrameworksBuildPhase section */
		BB1ACFAF1EB6163700540CBC /* Frameworks */ = {
			isa = PBXFrameworksBuildPhase;
			buildActionMask = 2147483647;
			files = (
			);
			runOnlyForDeploymentPostprocessing = 0;
		};
/* End PBXFrameworksBuildPhase section */

/* Begin PBXGroup section */
		BB1ACFA91EB6163700540CBC = {
			isa = PBXGroup;
			children = (
				BB1ACFB41EB6163700540CBC /* 10-构造过程 */,
				BB1ACFB31EB6163700540CBC /* Products */,
			);
			sourceTree = "<group>";
		};
		BB1ACFB31EB6163700540CBC /* Products */ = {
			isa = PBXGroup;
			children = (
				BB1ACFB21EB6163700540CBC /* 10-构造过程.app */,
			);
			name = Products;
			sourceTree = "<group>";
		};
		BB1ACFB41EB6163700540CBC /* 10-构造过程 */ = {
			isa = PBXGroup;
			children = (
				BB1ACFB51EB6163700540CBC /* AppDelegate.swift */,
				BB1ACFB71EB6163700540CBC /* ViewController.swift */,
				BB1ACFB91EB6163700540CBC /* Main.storyboard */,
				BB1ACFBC1EB6163700540CBC /* Assets.xcassets */,
				BB1ACFBE1EB6163700540CBC /* LaunchScreen.storyboard */,
				BB1ACFC11EB6163700540CBC /* Info.plist */,
			);
			path = "10-构造过程";
			sourceTree = "<group>";
		};
/* End PBXGroup section */

/* Begin PBXNativeTarget section */
		BB1ACFB11EB6163700540CBC /* 10-构造过程 */ = {
			isa = PBXNativeTarget;
			buildConfigurationList = BB1ACFC41EB6163700540CBC /* Build configuration list for PBXNativeTarget "10-构造过程" */;
			buildPhases = (
				BB1ACFAE1EB6163700540CBC /* Sources */,
				BB1ACFAF1EB6163700540CBC /* Frameworks */,
				BB1ACFB01EB6163700540CBC /* Resources */,
			);
			buildRules = (
			);
			dependencies = (
			);
			name = "10-构造过程";
			productName = "10-构造过程";
			productReference = BB1ACFB21EB6163700540CBC /* 10-构造过程.app */;
			productType = "com.apple.product-type.application";
		};
/* End PBXNativeTarget section */

/* Begin PBXProject section */
		BB1ACFAA1EB6163700540CBC /* Project object */ = {
			isa = PBXProject;
			attributes = {
				LastSwiftUpdateCheck = 0830;
				LastUpgradeCheck = 0830;
				ORGANIZATIONNAME = JTWang;
				TargetAttributes = {
					BB1ACFB11EB6163700540CBC = {
						CreatedOnToolsVersion = 8.3.2;
						ProvisioningStyle = Automatic;
					};
				};
			};
			buildConfigurationList = BB1ACFAD1EB6163700540CBC /* Build configuration list for PBXProject "10-构造过程" */;
			compatibilityVersion = "Xcode 3.2";
			developmentRegion = English;
			hasScannedForEncodings = 0;
			knownRegions = (
				en,
				Base,
			);
			mainGroup = BB1ACFA91EB6163700540CBC;
			productRefGroup = BB1ACFB31EB6163700540CBC /* Products */;
			projectDirPath = "";
			projectRoot = "";
			targets = (
				BB1ACFB11EB6163700540CBC /* 10-构造过程 */,
			);
		};
/* End PBXProject section */

/* Begin PBXResourcesBuildPhase section */
		BB1ACFB01EB6163700540CBC /* Resources */ = {
			isa = PBXResourcesBuildPhase;
			buildActionMask = 2147483647;
			files = (
				BB1ACFC01EB6163700540CBC /* LaunchScreen.storyboard in Resources */,
				BB1ACFBD1EB6163700540CBC /* Assets.xcassets in Resources */,
				BB1ACFBB1EB6163700540CBC /* Main.storyboard in Resources */,
			);
			runOnlyForDeploymentPostprocessing = 0;
		};
/* End PBXResourcesBuildPhase section */

/* Begin PBXSourcesBuildPhase section */
		BB1ACFAE1EB6163700540CBC /* Sources */ = {
			isa = PBXSourcesBuildPhase;
			buildActionMask = 2147483647;
			files = (
				BB1ACFB81EB6163700540CBC /* ViewController.swift in Sources */,
				BB1ACFB61EB6163700540CBC /* AppDelegate.swift in Sources */,
			);
			runOnlyForDeploymentPostprocessing = 0;
		};
/* End PBXSourcesBuildPhase section */

/* Begin PBXVariantGroup section */
		BB1ACFB91EB6163700540CBC /* Main.storyboard */ = {
			isa = PBXVariantGroup;
			children = (
				BB1ACFBA1EB6163700540CBC /* Base */,
			);
			name = Main.storyboard;
			sourceTree = "<group>";
		};
		BB1ACFBE1EB6163700540CBC /* LaunchScreen.storyboard */ = {
			isa = PBXVariantGroup;
			children = (
				BB1ACFBF1EB6163700540CBC /* Base */,
			);
			name = LaunchScreen.storyboard;
			sourceTree = "<group>";
		};
/* End PBXVariantGroup section */

/* Begin XCBuildConfiguration section */
		BB1ACFC21EB6163700540CBC /* Debug */ = {
			isa = XCBuildConfiguration;
			buildSettings = {
				ALWAYS_SEARCH_USER_PATHS = NO;
				CLANG_ANALYZER_NONNULL = YES;
				CLANG_ANALYZER_NUMBER_OBJECT_CONVERSION = YES_AGGRESSIVE;
				CLANG_CXX_LANGUAGE_STANDARD = "gnu++0x";
				CLANG_CXX_LIBRARY = "libc++";
				CLANG_ENABLE_MODULES = YES;
				CLANG_ENABLE_OBJC_ARC = YES;
				CLANG_WARN_BOOL_CONVERSION = YES;
				CLANG_WARN_CONSTANT_CONVERSION = YES;
				CLANG_WARN_DIRECT_OBJC_ISA_USAGE = YES_ERROR;
				CLANG_WARN_DOCUMENTATION_COMMENTS = YES;
				CLANG_WARN_EMPTY_BODY = YES;
				CLANG_WARN_ENUM_CONVERSION = YES;
				CLANG_WARN_INFINITE_RECURSION = YES;
				CLANG_WARN_INT_CONVERSION = YES;
				CLANG_WARN_OBJC_ROOT_CLASS = YES_ERROR;
				CLANG_WARN_SUSPICIOUS_MOVE = YES;
				CLANG_WARN_UNREACHABLE_CODE = YES;
				CLANG_WARN__DUPLICATE_METHOD_MATCH = YES;
				"CODE_SIGN_IDENTITY[sdk=iphoneos*]" = "iPhone Developer";
				COPY_PHASE_STRIP = NO;
				DEBUG_INFORMATION_FORMAT = dwarf;
				ENABLE_STRICT_OBJC_MSGSEND = YES;
				ENABLE_TESTABILITY = YES;
				GCC_C_LANGUAGE_STANDARD = gnu99;
				GCC_DYNAMIC_NO_PIC = NO;
				GCC_NO_COMMON_BLOCKS = YES;
				GCC_OPTIMIZATION_LEVEL = 0;
				GCC_PREPROCESSOR_DEFINITIONS = (
					"DEBUG=1",
					"$(inherited)",
				);
				GCC_WARN_64_TO_32_BIT_CONVERSION = YES;
				GCC_WARN_ABOUT_RETURN_TYPE = YES_ERROR;
				GCC_WARN_UNDECLARED_SELECTOR = YES;
				GCC_WARN_UNINITIALIZED_AUTOS = YES_AGGRESSIVE;
				GCC_WARN_UNUSED_FUNCTION = YES;
				GCC_WARN_UNUSED_VARIABLE = YES;
				IPHONEOS_DEPLOYMENT_TARGET = 10.3;
				MTL_ENABLE_DEBUG_INFO = YES;
				ONLY_ACTIVE_ARCH = YES;
				SDKROOT = iphoneos;
				SWIFT_ACTIVE_COMPILATION_CONDITIONS = DEBUG;
				SWIFT_OPTIMIZATION_LEVEL = "-Onone";
				TARGETED_DEVICE_FAMILY = "1,2";
			};
			name = Debug;
		};
		BB1ACFC31EB6163700540CBC /* Release */ = {
			isa = XCBuildConfiguration;
			buildSettings = {
				ALWAYS_SEARCH_USER_PATHS = NO;
				CLANG_ANALYZER_NONNULL = YES;
				CLANG_ANALYZER_NUMBER_OBJECT_CONVERSION = YES_AGGRESSIVE;
				CLANG_CXX_LANGUAGE_STANDARD = "gnu++0x";
				CLANG_CXX_LIBRARY = "libc++";
				CLANG_ENABLE_MODULES = YES;
				CLANG_ENABLE_OBJC_ARC = YES;
				CLANG_WARN_BOOL_CONVERSION = YES;
				CLANG_WARN_CONSTANT_CONVERSION = YES;
				CLANG_WARN_DIRECT_OBJC_ISA_USAGE = YES_ERROR;
				CLANG_WARN_DOCUMENTATION_COMMENTS = YES;
				CLANG_WARN_EMPTY_BODY = YES;
				CLANG_WARN_ENUM_CONVERSION = YES;
				CLANG_WARN_INFINITE_RECURSION = YES;
				CLANG_WARN_INT_CONVERSION = YES;
				CLANG_WARN_OBJC_ROOT_CLASS = YES_ERROR;
				CLANG_WARN_SUSPICIOUS_MOVE = YES;
				CLANG_WARN_UNREACHABLE_CODE = YES;
				CLANG_WARN__DUPLICATE_METHOD_MATCH = YES;
				"CODE_SIGN_IDENTITY[sdk=iphoneos*]" = "iPhone Developer";
				COPY_PHASE_STRIP = NO;
				DEBUG_INFORMATION_FORMAT = "dwarf-with-dsym";
				ENABLE_NS_ASSERTIONS = NO;
				ENABLE_STRICT_OBJC_MSGSEND = YES;
				GCC_C_LANGUAGE_STANDARD = gnu99;
				GCC_NO_COMMON_BLOCKS = YES;
				GCC_WARN_64_TO_32_BIT_CONVERSION = YES;
				GCC_WARN_ABOUT_RETURN_TYPE = YES_ERROR;
				GCC_WARN_UNDECLARED_SELECTOR = YES;
				GCC_WARN_UNINITIALIZED_AUTOS = YES_AGGRESSIVE;
				GCC_WARN_UNUSED_FUNCTION = YES;
				GCC_WARN_UNUSED_VARIABLE = YES;
				IPHONEOS_DEPLOYMENT_TARGET = 10.3;
				MTL_ENABLE_DEBUG_INFO = NO;
				SDKROOT = iphoneos;
				SWIFT_OPTIMIZATION_LEVEL = "-Owholemodule";
				TARGETED_DEVICE_FAMILY = "1,2";
				VALIDATE_PRODUCT = YES;
			};
			name = Release;
		};
		BB1ACFC51EB6163700540CBC /* Debug */ = {
			isa = XCBuildConfiguration;
			buildSettings = {
				ASSETCATALOG_COMPILER_APPICON_NAME = AppIcon;
				INFOPLIST_FILE = "10-构造过程/Info.plist";
				LD_RUNPATH_SEARCH_PATHS = "$(inherited) @executable_path/Frameworks";
				PRODUCT_BUNDLE_IDENTIFIER = "COM.JT.-0-----";
				PRODUCT_NAME = "$(TARGET_NAME)";
				SWIFT_VERSION = 3.0;
			};
			name = Debug;
		};
		BB1ACFC61EB6163700540CBC /* Release */ = {
			isa = XCBuildConfiguration;
			buildSettings = {
				ASSETCATALOG_COMPILER_APPICON_NAME = AppIcon;
				INFOPLIST_FILE = "10-构造过程/Info.plist";
				LD_RUNPATH_SEARCH_PATHS = "$(inherited) @executable_path/Frameworks";
				PRODUCT_BUNDLE_IDENTIFIER = "COM.JT.-0-----";
				PRODUCT_NAME = "$(TARGET_NAME)";
				SWIFT_VERSION = 3.0;
			};
			name = Release;
		};
/* End XCBuildConfiguration section */

/* Begin XCConfigurationList section */
		BB1ACFAD1EB6163700540CBC /* Build configuration list for PBXProject "10-构造过程" */ = {
			isa = XCConfigurationList;
			buildConfigurations = (
				BB1ACFC21EB6163700540CBC /* Debug */,
				BB1ACFC31EB6163700540CBC /* Release */,
			);
			defaultConfigurationIsVisible = 0;
			defaultConfigurationName = Release;
		};
		BB1ACFC41EB6163700540CBC /* Build configuration list for PBXNativeTarget "10-构造过程" */ = {
			isa = XCConfigurationList;
			buildConfigurations = (
				BB1ACFC51EB6163700540CBC /* Debug */,
				BB1ACFC61EB6163700540CBC /* Release */,
			);
			defaultConfigurationIsVisible = 0;
		};
/* End XCConfigurationList section */
	};
	rootObject = BB1ACFAA1EB6163700540CBC /* Project object */;
}
