// !$*UTF8*$!
{
	archiveVersion = 1;
	classes = {
	};
	objectVersion = 46;
	objects = {

/* Begin PBXBuildFile section */
		BB03BED91F1F52170066954A /* AppDelegate.swift in Sources */ = {isa = PBXBuildFile; fileRef = BB03BED81F1F52170066954A /* AppDelegate.swift */; };
		BB03BEDB1F1F52170066954A /* ViewController.swift in Sources */ = {isa = PBXBuildFile; fileRef = BB03BEDA1F1F52170066954A /* ViewController.swift */; };
		BB03BEDE1F1F52170066954A /* Main.storyboard in Resources */ = {isa = PBXBuildFile; fileRef = BB03BEDC1F1F52170066954A /* Main.storyboard */; };
		BB03BEE01F1F52170066954A /* Assets.xcassets in Resources */ = {isa = PBXBuildFile; fileRef = BB03BEDF1F1F52170066954A /* Assets.xcassets */; };
		BB03BEE31F1F52170066954A /* LaunchScreen.storyboard in Resources */ = {isa = PBXBuildFile; fileRef = BB03BEE11F1F52170066954A /* LaunchScreen.storyboard */; };
		BB8DCF411F205C71009C1B8B /* LoadingAnimationView.swift in Sources */ = {isa = PBXBuildFile; fileRef = BB8DCF401F205C71009C1B8B /* LoadingAnimationView.swift */; };
/* End PBXBuildFile section */

/* Begin PBXFileReference section */
		BB03BED51F1F52170066954A /* CAReplicatorLayerTest.app */ = {isa = PBXFileReference; explicitFileType = wrapper.application; includeInIndex = 0; path = CAReplicatorLayerTest.app; sourceTree = BUILT_PRODUCTS_DIR; };
		BB03BED81F1F52170066954A /* AppDelegate.swift */ = {isa = PBXFileReference; lastKnownFileType = sourcecode.swift; path = AppDelegate.swift; sourceTree = "<group>"; };
		BB03BEDA1F1F52170066954A /* ViewController.swift */ = {isa = PBXFileReference; lastKnownFileType = sourcecode.swift; path = ViewController.swift; sourceTree = "<group>"; };
		BB03BEDD1F1F52170066954A /* Base */ = {isa = PBXFileReference; lastKnownFileType = file.storyboard; name = Base; path = Base.lproj/Main.storyboard; sourceTree = "<group>"; };
		BB03BEDF1F1F52170066954A /* Assets.xcassets */ = {isa = PBXFileReference; lastKnownFileType = folder.assetcatalog; path = Assets.xcassets; sourceTree = "<group>"; };
		BB03BEE21F1F52170066954A /* Base */ = {isa = PBXFileReference; lastKnownFileType = file.storyboard; name = Base; path = Base.lproj/LaunchScreen.storyboard; sourceTree = "<group>"; };
		BB03BEE41F1F52170066954A /* Info.plist */ = {isa = PBXFileReference; lastKnownFileType = text.plist.xml; path = Info.plist; sourceTree = "<group>"; };
		BB8DCF401F205C71009C1B8B /* LoadingAnimationView.swift */ = {isa = PBXFileReference; fileEncoding = 4; lastKnownFileType = sourcecode.swift; path = LoadingAnimationView.swift; sourceTree = "<group>"; };
/* End PBXFileReference section */

/* Begin PBXFrameworksBuildPhase section */
		BB03BED21F1F52170066954A /* Frameworks */ = {
			isa = PBXFrameworksBuildPhase;
			buildActionMask = 2147483647;
			files = (
			);
			runOnlyForDeploymentPostprocessing = 0;
		};
/* End PBXFrameworksBuildPhase section */

/* Begin PBXGroup section */
		BB03BECC1F1F52170066954A = {
			isa = PBXGroup;
			children = (
				BB03BED71F1F52170066954A /* CAReplicatorLayerTest */,
				BB03BED61F1F52170066954A /* Products */,
			);
			sourceTree = "<group>";
		};
		BB03BED61F1F52170066954A /* Products */ = {
			isa = PBXGroup;
			children = (
				BB03BED51F1F52170066954A /* CAReplicatorLayerTest.app */,
			);
			name = Products;
			sourceTree = "<group>";
		};
		BB03BED71F1F52170066954A /* CAReplicatorLayerTest */ = {
			isa = PBXGroup;
			children = (
				BB03BED81F1F52170066954A /* AppDelegate.swift */,
				BB03BEDA1F1F52170066954A /* ViewController.swift */,
				BB03BEDC1F1F52170066954A /* Main.storyboard */,
				BB03BEDF1F1F52170066954A /* Assets.xcassets */,
				BB03BEE11F1F52170066954A /* LaunchScreen.storyboard */,
				BB03BEE41F1F52170066954A /* Info.plist */,
				BB8DCF401F205C71009C1B8B /* LoadingAnimationView.swift */,
			);
			path = CAReplicatorLayerTest;
			sourceTree = "<group>";
		};
/* End PBXGroup section */

/* Begin PBXNativeTarget section */
		BB03BED41F1F52170066954A /* CAReplicatorLayerTest */ = {
			isa = PBXNativeTarget;
			buildConfigurationList = BB03BEE71F1F52170066954A /* Build configuration list for PBXNativeTarget "CAReplicatorLayerTest" */;
			buildPhases = (
				BB03BED11F1F52170066954A /* Sources */,
				BB03BED21F1F52170066954A /* Frameworks */,
				BB03BED31F1F52170066954A /* Resources */,
			);
			buildRules = (
			);
			dependencies = (
			);
			name = CAReplicatorLayerTest;
			productName = CAReplicatorLayerTest;
			productReference = BB03BED51F1F52170066954A /* CAReplicatorLayerTest.app */;
			productType = "com.apple.product-type.application";
		};
/* End PBXNativeTarget section */

/* Begin PBXProject section */
		BB03BECD1F1F52170066954A /* Project object */ = {
			isa = PBXProject;
			attributes = {
				LastSwiftUpdateCheck = 0830;
				LastUpgradeCheck = 0830;
				ORGANIZATIONNAME = JTWang;
				TargetAttributes = {
					BB03BED41F1F52170066954A = {
						CreatedOnToolsVersion = 8.3;
						ProvisioningStyle = Automatic;
					};
				};
			};
			buildConfigurationList = BB03BED01F1F52170066954A /* Build configuration list for PBXProject "CAReplicatorLayerTest" */;
			compatibilityVersion = "Xcode 3.2";
			developmentRegion = English;
			hasScannedForEncodings = 0;
			knownRegions = (
				en,
				Base,
			);
			mainGroup = BB03BECC1F1F52170066954A;
			productRefGroup = BB03BED61F1F52170066954A /* Products */;
			projectDirPath = "";
			projectRoot = "";
			targets = (
				BB03BED41F1F52170066954A /* CAReplicatorLayerTest */,
			);
		};
/* End PBXProject section */

/* Begin PBXResourcesBuildPhase section */
		BB03BED31F1F52170066954A /* Resources */ = {
			isa = PBXResourcesBuildPhase;
			buildActionMask = 2147483647;
			files = (
				BB03BEE31F1F52170066954A /* LaunchScreen.storyboard in Resources */,
				BB03BEE01F1F52170066954A /* Assets.xcassets in Resources */,
				BB03BEDE1F1F52170066954A /* Main.storyboard in Resources */,
			);
			runOnlyForDeploymentPostprocessing = 0;
		};
/* End PBXResourcesBuildPhase section */

/* Begin PBXSourcesBuildPhase section */
		BB03BED11F1F52170066954A /* Sources */ = {
			isa = PBXSourcesBuildPhase;
			buildActionMask = 2147483647;
			files = (
				BB8DCF411F205C71009C1B8B /* LoadingAnimationView.swift in Sources */,
				BB03BEDB1F1F52170066954A /* ViewController.swift in Sources */,
				BB03BED91F1F52170066954A /* AppDelegate.swift in Sources */,
			);
			runOnlyForDeploymentPostprocessing = 0;
		};
/* End PBXSourcesBuildPhase section */

/* Begin PBXVariantGroup section */
		BB03BEDC1F1F52170066954A /* Main.storyboard */ = {
			isa = PBXVariantGroup;
			children = (
				BB03BEDD1F1F52170066954A /* Base */,
			);
			name = Main.storyboard;
			sourceTree = "<group>";
		};
		BB03BEE11F1F52170066954A /* LaunchScreen.storyboard */ = {
			isa = PBXVariantGroup;
			children = (
				BB03BEE21F1F52170066954A /* Base */,
			);
			name = LaunchScreen.storyboard;
			sourceTree = "<group>";
		};
/* End PBXVariantGroup section */

/* Begin XCBuildConfiguration section */
		BB03BEE51F1F52170066954A /* Debug */ = {
			isa = XCBuildConfiguration;
			buildSettings = {
				ALWAYS_SEARCH_USER_PATHS = NO;
				CLANG_ANALYZER_NONNULL = YES;
				CLANG_ANALYZER_NUMBER_OBJECT_CONVERSION = YES_AGGRESSIVE;
				CLANG_CXX_LANGUAGE_STANDARD = "gnu++0x";
				CLANG_CXX_LIBRARY = "libc++";
				CLANG_ENABLE_MODULES = YES;
				CLANG_ENABLE_OBJC_ARC = YES;
				CLANG_WARN_BOOL_CONVERSION = YES;
				CLANG_WARN_CONSTANT_CONVERSION = YES;
				CLANG_WARN_DIRECT_OBJC_ISA_USAGE = YES_ERROR;
				CLANG_WARN_DOCUMENTATION_COMMENTS = YES;
				CLANG_WARN_EMPTY_BODY = YES;
				CLANG_WARN_ENUM_CONVERSION = YES;
				CLANG_WARN_INFINITE_RECURSION = YES;
				CLANG_WARN_INT_CONVERSION = YES;
				CLANG_WARN_OBJC_ROOT_CLASS = YES_ERROR;
				CLANG_WARN_SUSPICIOUS_MOVE = YES;
				CLANG_WARN_UNREACHABLE_CODE = YES;
				CLANG_WARN__DUPLICATE_METHOD_MATCH = YES;
				"CODE_SIGN_IDENTITY[sdk=iphoneos*]" = "iPhone Developer";
				COPY_PHASE_STRIP = NO;
				DEBUG_INFORMATION_FORMAT = dwarf;
				ENABLE_STRICT_OBJC_MSGSEND = YES;
				ENABLE_TESTABILITY = YES;
				GCC_C_LANGUAGE_STANDARD = gnu99;
				GCC_DYNAMIC_NO_PIC = NO;
				GCC_NO_COMMON_BLOCKS = YES;
				GCC_OPTIMIZATION_LEVEL = 0;
				GCC_PREPROCESSOR_DEFINITIONS = (
					"DEBUG=1",
					"$(inherited)",
				);
				GCC_WARN_64_TO_32_BIT_CONVERSION = YES;
				GCC_WARN_ABOUT_RETURN_TYPE = YES_ERROR;
				GCC_WARN_UNDECLARED_SELECTOR = YES;
				GCC_WARN_UNINITIALIZED_AUTOS = YES_AGGRESSIVE;
				GCC_WARN_UNUSED_FUNCTION = YES;
				GCC_WARN_UNUSED_VARIABLE = YES;
				IPHONEOS_DEPLOYMENT_TARGET = 10.3;
				MTL_ENABLE_DEBUG_INFO = YES;
				ONLY_ACTIVE_ARCH = YES;
				SDKROOT = iphoneos;
				SWIFT_ACTIVE_COMPILATION_CONDITIONS = DEBUG;
				SWIFT_OPTIMIZATION_LEVEL = "-Onone";
				TARGETED_DEVICE_FAMILY = "1,2";
			};
			name = Debug;
		};
		BB03BEE61F1F52170066954A /* Release */ = {
			isa = XCBuildConfiguration;
			buildSettings = {
				ALWAYS_SEARCH_USER_PATHS = NO;
				CLANG_ANALYZER_NONNULL = YES;
				CLANG_ANALYZER_NUMBER_OBJECT_CONVERSION = YES_AGGRESSIVE;
				CLANG_CXX_LANGUAGE_STANDARD = "gnu++0x";
				CLANG_CXX_LIBRARY = "libc++";
				CLANG_ENABLE_MODULES = YES;
				CLANG_ENABLE_OBJC_ARC = YES;
				CLANG_WARN_BOOL_CONVERSION = YES;
				CLANG_WARN_CONSTANT_CONVERSION = YES;
				CLANG_WARN_DIRECT_OBJC_ISA_USAGE = YES_ERROR;
				CLANG_WARN_DOCUMENTATION_COMMENTS = YES;
				CLANG_WARN_EMPTY_BODY = YES;
				CLANG_WARN_ENUM_CONVERSION = YES;
				CLANG_WARN_INFINITE_RECURSION = YES;
				CLANG_WARN_INT_CONVERSION = YES;
				CLANG_WARN_OBJC_ROOT_CLASS = YES_ERROR;
				CLANG_WARN_SUSPICIOUS_MOVE = YES;
				CLANG_WARN_UNREACHABLE_CODE = YES;
				CLANG_WARN__DUPLICATE_METHOD_MATCH = YES;
				"CODE_SIGN_IDENTITY[sdk=iphoneos*]" = "iPhone Developer";
				COPY_PHASE_STRIP = NO;
				DEBUG_INFORMATION_FORMAT = "dwarf-with-dsym";
				ENABLE_NS_ASSERTIONS = NO;
				ENABLE_STRICT_OBJC_MSGSEND = YES;
				GCC_C_LANGUAGE_STANDARD = gnu99;
				GCC_NO_COMMON_BLOCKS = YES;
				GCC_WARN_64_TO_32_BIT_CONVERSION = YES;
				GCC_WARN_ABOUT_RETURN_TYPE = YES_ERROR;
				GCC_WARN_UNDECLARED_SELECTOR = YES;
				GCC_WARN_UNINITIALIZED_AUTOS = YES_AGGRESSIVE;
				GCC_WARN_UNUSED_FUNCTION = YES;
				GCC_WARN_UNUSED_VARIABLE = YES;
				IPHONEOS_DEPLOYMENT_TARGET = 10.3;
				MTL_ENABLE_DEBUG_INFO = NO;
				SDKROOT = iphoneos;
				SWIFT_OPTIMIZATION_LEVEL = "-Owholemodule";
				TARGETED_DEVICE_FAMILY = "1,2";
				VALIDATE_PRODUCT = YES;
			};
			name = Release;
		};
		BB03BEE81F1F52170066954A /* Debug */ = {
			isa = XCBuildConfiguration;
			buildSettings = {
				ASSETCATALOG_COMPILER_APPICON_NAME = AppIcon;
				INFOPLIST_FILE = CAReplicatorLayerTest/Info.plist;
				LD_RUNPATH_SEARCH_PATHS = "$(inherited) @executable_path/Frameworks";
				PRODUCT_BUNDLE_IDENTIFIER = JT.com.CAReplicatorLayerTest;
				PRODUCT_NAME = "$(TARGET_NAME)";
				SWIFT_VERSION = 3.0;
			};
			name = Debug;
		};
		BB03BEE91F1F52170066954A /* Release */ = {
			isa = XCBuildConfiguration;
			buildSettings = {
				ASSETCATALOG_COMPILER_APPICON_NAME = AppIcon;
				INFOPLIST_FILE = CAReplicatorLayerTest/Info.plist;
				LD_RUNPATH_SEARCH_PATHS = "$(inherited) @executable_path/Frameworks";
				PRODUCT_BUNDLE_IDENTIFIER = JT.com.CAReplicatorLayerTest;
				PRODUCT_NAME = "$(TARGET_NAME)";
				SWIFT_VERSION = 3.0;
			};
			name = Release;
		};
/* End XCBuildConfiguration section */

/* Begin XCConfigurationList section */
		BB03BED01F1F52170066954A /* Build configuration list for PBXProject "CAReplicatorLayerTest" */ = {
			isa = XCConfigurationList;
			buildConfigurations = (
				BB03BEE51F1F52170066954A /* Debug */,
				BB03BEE61F1F52170066954A /* Release */,
			);
			defaultConfigurationIsVisible = 0;
			defaultConfigurationName = Release;
		};
		BB03BEE71F1F52170066954A /* Build configuration list for PBXNativeTarget "CAReplicatorLayerTest" */ = {
			isa = XCConfigurationList;
			buildConfigurations = (
				BB03BEE81F1F52170066954A /* Debug */,
				BB03BEE91F1F52170066954A /* Release */,
			);
			defaultConfigurationIsVisible = 0;
			defaultConfigurationName = Release;
		};
/* End XCConfigurationList section */
	};
	rootObject = BB03BECD1F1F52170066954A /* Project object */;
}
